
Microsoft Visual Studio Solution File, Format Version 12.00
# Visual Studio 15
Project("{FAE04EC0-301F-11D3-BF4B-00C04F79EFBC}") = "Assembly-CSharp", "Assembly-CSharp.csproj", "{D74C83EC-1027-3A5F-2345-A64FFECBD41D}"
EndProject
Global
	GlobalSection(SolutionConfigurationPlatforms) = preSolution
		Debug|Any CPU = Debug|Any CPU
		Release|Any CPU = Release|Any CPU
	EndGlobalSection
	GlobalSection(ProjectConfigurationPlatforms) = postSolution
		{D74C83EC-1027-3A5F-2345-A64FFECBD41D}.Debug|Any CPU.ActiveCfg = Debug|Any CPU
		{D74C83EC-1027-3A5F-2345-A64FFECBD41D}.Debug|Any CPU.Build.0 = Debug|Any CPU
		{D74C83EC-1027-3A5F-2345-A64FFECBD41D}.Release|Any CPU.ActiveCfg = Release|Any CPU
		{D74C83EC-1027-3A5F-2345-A64FFECBD41D}.Release|Any CPU.Build.0 = Release|Any CPU
	EndGlobalSection
	GlobalSection(SolutionProperties) = preSolution
		HideSolutionNode = FALSE
	EndGlobalSection
EndGlobal
